# @generated by Move, please check-in and do not edit manually.

[move]
version = 3
manifest_digest = "852A8E8345851FCB0D49EF9A87EC307EB6060645CE66665C0947D43E2CA22726"
deps_digest = "F9B494B64F0615AED0E98FC12A85B85ECD2BC5185C22D30E7F67786BB52E507C"
dependencies = [
  { id = "Bridge", name = "Bridge" },
  { id = "MoveStdlib", name = "MoveStdlib" },
  { id = "Sui", name = "Sui" },
  { id = "SuiSystem", name = "SuiSystem" },
]

[[move.package]]
id = "Bridge"
source = { git = "https://github.com/MystenLabs/sui.git", rev = "f63c9fc78e2171fa174dc43e757ded416c204558", subdir = "crates/sui-framework/packages/bridge" }

dependencies = [
  { id = "MoveStdlib", name = "MoveStdlib" },
  { id = "Sui", name = "Sui" },
  { id = "SuiSystem", name = "SuiSystem" },
]

[[move.package]]
id = "MoveStdlib"
source = { git = "https://github.com/MystenLabs/sui.git", rev = "f63c9fc78e2171fa174dc43e757ded416c204558", subdir = "crates/sui-framework/packages/move-stdlib" }

[[move.package]]
id = "Sui"
source = { git = "https://github.com/MystenLabs/sui.git", rev = "f63c9fc78e2171fa174dc43e757ded416c204558", subdir = "crates/sui-framework/packages/sui-framework" }

dependencies = [
  { id = "MoveStdlib", name = "MoveStdlib" },
]

[[move.package]]
id = "SuiSystem"
source = { git = "https://github.com/MystenLabs/sui.git", rev = "f63c9fc78e2171fa174dc43e757ded416c204558", subdir = "crates/sui-framework/packages/sui-system" }

dependencies = [
  { id = "MoveStdlib", name = "MoveStdlib" },
  { id = "Sui", name = "Sui" },
]

[move.toolchain-version]
compiler-version = "1.57.0"
edition = "2024.beta"
flavor = "sui"

[env]

[env.testnet]
chain-id = "4c78adac"
original-published-id = "0x5df5576cc0c01b044e86854d8916671cd179c82654138329c9e06a9570331f79"
latest-published-id = "0x5df5576cc0c01b044e86854d8916671cd179c82654138329c9e06a9570331f79"
published-version = "1"

[env.mainnet]
chain-id = "35834a8a"
original-published-id = "0xba71825fa4a336d82685cb1c10777d04c129fbc350fffc41abee42ec31437b7c"
latest-published-id = "0xba71825fa4a336d82685cb1c10777d04c129fbc350fffc41abee42ec31437b7c"
published-version = "1"
